github.com/amalfra/etag v0.0.0-20190921100247-cafc8de96bc5 h1:+ty4KYpIDUhjzsVsV+HiTeYEfufBc/4FLNiqIGU1A1U=
github.com/amalfra/etag v0.0.0-20190921100247-cafc8de96bc5/go.mod h1:Qk51jPgvIaO549MR+IvLP/uMZbZGs05QJSzEhDVZ1jc=
github.com/davecgh/go-spew v1.1.0/go.mod h1:J7Y8YcW2NihsgmVo/mv3lAwl/skON4iLHjSsI+c5H38=
github.com/davecgh/go-spew v1.1.1/go.mod h1:J7Y8YcW2NihsgmVo/mv3lAwl/skON4iLHjSsI+c5H38=
github.com/dgraph-io/ristretto v0.0.0-20190924012251-ae326c3348e8 h1:cg3kuXalA5TK0xWwanrvayAzN9Yg6xawalxESTGN7UM=
github.com/dgraph-io/ristretto v0.0.0-20190924012251-ae326c3348e8/go.mod h1:jg4yDfbNNmxP2Nq5Z7MbyQrXyl/syIRF2LnbbxqViho=
github.com/dgryski/go-farm v0.0.0-20190423205320-6a90982ecee2/go.mod h1:SqUrOPUnsFjfmXRMNPybcSiG0BgUW2AuFH8PAnS2iTw=
github.com/elazarl/goproxy v0.0.0-20190911111923-ecfe977594f1 h1:yY9rWGoXv1U5pl4gxqlULARMQD7x0QG85lqEXTWysik=
github.com/elazarl/goproxy v0.0.0-20190911111923-ecfe977594f1/go.mod h1:Ro8st/ElPeALwNFlcTpWmkr6IoMFfkjXAvTHpevnDsM=
github.com/elazarl/goproxy/ext v0.0.0-20190711103511-473e67f1d7d2 h1:dWB6v3RcOy03t/bUadywsbyrQwCqZeNIEX6M1OtSZOM=
github.com/elazarl/goproxy/ext v0.0.0-20190711103511-473e67f1d7d2/go.mod h1:gNh8nYJoAm43RfaxurUnxr+N1PwuFV3ZMl/efxlIlY8=
github.com/go-redis/cache v6.4.0+incompatible h1:ZaeoZofvBZmMr8ZKxzFDmkoRTSp8sxHdJlB3e3T6GDA=
github.com/go-redis/cache v6.4.0+incompatible/go.mod h1:XNnMdvlNjcZvHjsscEozHAeOeSE5riG9Fj54meG4WT4=
github.com/go-redis/redis v6.15.5+incompatible h1:pLky8I0rgiblWfa8C1EV7fPEUv0aH6vKRaYHc/YRHVk=
github.com/go-redis/redis v6.15.5+incompatible/go.mod h1:NAIEuMOZ/fxfXJIrKDQDz8wamY7mA7PouImQ2Jvg6kA=
github.com/pmezard/go-difflib v1.0.0/go.mod h1:iKH77koFhYxTK1pcRnkKkqfTogsbg7gZNVY4sRDYZ/4=
github.com/rogpeppe/go-charset v0.0.0-20180617210344-2471d30d28b4/go.mod h1:qgYeAmZ5ZIpBWTGllZSQnw97Dj+woV0toclVaRGI8pc=
github.com/stretchr/objx v0.1.0/go.mod h1:HFkY916IF+rwdDfMAkV7OtwuqBVzrE8GR6GFx+wExME=
github.com/stretchr/testify v1.3.0/go.mod h1:M5WIy9Dh21IEIfnGCwXGc5bZfKNJtfHm1UVUgZn+9EI=
github.com/victorspringer/http-cache v0.0.0-20190721184638-fe78e97af707 h1:Pg/LJmFZnr+hlP9sohJKDaxi1nTSOPvGNo8dBBgRIkM=
github.com/victorspringer/http-cache v0.0.0-20190721184638-fe78e97af707/go.mod h1:V7CEaXWuLs0tH3DNWqJO+GVr8YgiAwRgBh76T4LNSPU=
github.com/vmihailenco/msgpack v4.0.4+incompatible h1:dSLoQfGFAo3F6OoNhwUmLwVgaUXK79GlxNBwueZn0xI=
github.com/vmihailenco/msgpack v4.0.4+incompatible/go.mod h1:fy3FlTQTDXWkZ7Bh6AcGMlsjHatGryHQYUTf1ShIgkk=
